Microsoft Visual Studio Solution File, Format Version 12.00
# Visual Studio Version 17
VisualStudioVersion = 17.5.2.0
MinimumVisualStudioVersion = 10.0.40219.1
Project("{FAE04EC0-301F-11D3-BF4B-00C04F79EFBC}") = "Doctor_Module", "Doctor_Module.csproj", "{D44AF44C-7414-A233-4027-6A40098F950C}"
EndProject
Global
	GlobalSection(SolutionConfigurationPlatforms) = preSolution
		Debug|Any CPU = Debug|Any CPU
		Release|Any CPU = Release|Any CPU
	EndGlobalSection
	GlobalSection(ProjectConfigurationPlatforms) = postSolution
		{D44AF44C-7414-A233-4027-6A40098F950C}.Debug|Any CPU.ActiveCfg = Debug|Any CPU
		{D44AF44C-7414-A233-4027-6A40098F950C}.Debug|Any CPU.Build.0 = Debug|Any CPU
		{D44AF44C-7414-A233-4027-6A40098F950C}.Release|Any CPU.ActiveCfg = Release|Any CPU
		{D44AF44C-7414-A233-4027-6A40098F950C}.Release|Any CPU.Build.0 = Release|Any CPU
	EndGlobalSection
	GlobalSection(SolutionProperties) = preSolution
		HideSolutionNode = FALSE
	EndGlobalSection
	GlobalSection(ExtensibilityGlobals) = postSolution
		SolutionGuid = {F81CAAA9-7728-4097-AF71-F624E68D0A8A}
	EndGlobalSection
EndGlobal
